
Microsoft Visual Studio Solution File, Format Version 12.00
# Visual Studio Version 17
VisualStudioVersion = 17.8.34408.163
MinimumVisualStudioVersion = 10.0.40219.1
Project("{FAE04EC0-301F-11D3-BF4B-00C04F79EFBC}") = "SmartSearchVectorConsole", "SmartSearchVectorConsole\SmartSearchVectorConsole.csproj", "{F05C63F8-9057-4F1C-B595-6F48B9AC4BE6}"
EndProject
Project("{2150E333-8FDC-42A3-9474-1A3956D46DE8}") = "Элементы решения", "Элементы решения", "{DF8B7C94-6816-4E8F-A306-0C6DA1D694A4}"
	ProjectSection(SolutionItems) = preProject
		.gitignore = .gitignore
		docker-compose.yml = docker-compose.yml
		DOCKERFILE = DOCKERFILE
		README.md = README.md
		run-ollama.sh = run-ollama.sh
	EndProjectSection
EndProject
Global
	GlobalSection(SolutionConfigurationPlatforms) = preSolution
		Debug|Any CPU = Debug|Any CPU
		Release|Any CPU = Release|Any CPU
	EndGlobalSection
	GlobalSection(ProjectConfigurationPlatforms) = postSolution
		{F05C63F8-9057-4F1C-B595-6F48B9AC4BE6}.Debug|Any CPU.ActiveCfg = Debug|Any CPU
		{F05C63F8-9057-4F1C-B595-6F48B9AC4BE6}.Debug|Any CPU.Build.0 = Debug|Any CPU
		{F05C63F8-9057-4F1C-B595-6F48B9AC4BE6}.Release|Any CPU.ActiveCfg = Release|Any CPU
		{F05C63F8-9057-4F1C-B595-6F48B9AC4BE6}.Release|Any CPU.Build.0 = Release|Any CPU
	EndGlobalSection
	GlobalSection(SolutionProperties) = preSolution
		HideSolutionNode = FALSE
	EndGlobalSection
	GlobalSection(ExtensibilityGlobals) = postSolution
		SolutionGuid = {FAF1E3B2-18A9-447C-983D-15DEF6EE2ACF}
	EndGlobalSection
EndGlobal
